{
  "version": "5",
  "specifiers": {
    "jsr:@std/path@1.0.9": "1.0.9"
  },
  "jsr": {
    "@std/path@1.0.9": {
      "integrity": "260a49f11edd3db93dd38350bf9cd1b4d1366afa98e81b86167b4e3dd750129e"
    }
  },
  "redirects": {
    "https://deno.land/x/axiod/mod.ts": "https://deno.land/x/axiod@0.26.2/mod.ts",
    "https://deno.land/x/dotenv/load.ts": "https://deno.land/x/dotenv@v3.2.2/load.ts",
    "https://deno.land/x/dotenv/mod.ts": "https://deno.land/x/dotenv@v3.2.2/mod.ts",
    "https://deno.land/x/grammy/mod.ts": "https://deno.land/x/grammy@v1.36.3/mod.ts",
    "https://deno.land/x/telegram/mod.ts": "https://deno.land/x/telegram@v0.1.1/mod.ts",
    "https://deno.land/x/telegram_bot/mod.ts": "https://deno.land/x/telegram_bot@0.1.5/mod.ts"
  },
  "remote": {
    "https://cdn.skypack.dev/-/debug@v4.3.4-o4liVvMlOnQWbLSYZMXw/dist=es2019,mode=imports/optimized/debug.js": "671100993996e39b501301a87000607916d4d2d9f8fc8e9c5200ae5ba64a1389",
    "https://cdn.skypack.dev/-/ms@v2.1.2-giBDZ1IA5lmQ3ZXaa87V/dist=es2019,mode=imports/optimized/ms.js": "fd88e2d51900437011f1ad232f3393ce97db1b87a7844b3c58dd6d65562c1276",
    "https://cdn.skypack.dev/debug@4.3.4": "7b1d010cc930f71b940ba5941da055bc181115229e29de7214bdb4425c68ea76",
    "https://deno.land/std@0.196.0/collections/filter_values.ts": "16e1fc456a7969e770ec5b89edf5ac97b295ca534b47c1a83f061b409aad7814",
    "https://deno.land/std@0.196.0/collections/without_all.ts": "1e3cccb1ed0659455b473c0766d9414b7710d8cef48862c899f445178f66b779",
    "https://deno.land/std@0.196.0/dotenv/mod.ts": "39e5d19e077e55d7e01ea600eb1c6d1e18a8dfdfc65d68826257a576788da3a4",
    "https://deno.land/std@0.208.0/dotenv/mod.ts": "039468f5c87d39b69d7ca6c3d68ebca82f206ec0ff5e011d48205eea292ea5a6",
    "https://deno.land/std@0.60.0/_util/assert.ts": "e1f76e77c5ccb5a8e0dbbbe6cce3a56d2556c8cb5a9a8802fc9565af72462149",
    "https://deno.land/std@0.60.0/async/deferred.ts": "ac95025f46580cf5197928ba90995d87f26e202c19ad961bc4e3177310894cdc",
    "https://deno.land/std@0.60.0/async/delay.ts": "35957d585a6e3dd87706858fb1d6b551cb278271b03f52c5a2cb70e65e00c26a",
    "https://deno.land/std@0.60.0/async/mod.ts": "bf46766747775d0fc4070940d20d45fb311c814989485861cdc8a8ef0e3bbbab",
    "https://deno.land/std@0.60.0/async/mux_async_iterator.ts": "f6ca1b70f05e3cb676956d70a3230c99925288cf67e4e0b0bbaf34759b41945b",
    "https://deno.land/std@0.60.0/bytes/mod.ts": "b1a149ac741728db00bda9ce1a2d044f248edd5ac95e708a6cc501bfd3adb4a7",
    "https://deno.land/std@0.60.0/encoding/utf8.ts": "8654fa820aa69a37ec5eb11908e20b39d056c9bf1c23ab294303ff467f3d50a1",
    "https://deno.land/std@0.60.0/http/_io.ts": "7a31bf7d0167685d8d0ff4eca93b558cd26539695d1ddbd715ee28bf1dc7db17",
    "https://deno.land/std@0.60.0/http/http_status.ts": "0ecc0799a208f49452023b1b927106ba5a2c13cc6cf6666345db028239d554ab",
    "https://deno.land/std@0.60.0/http/server.ts": "bae67d3afb0e73a23d696d904883e88579a28a08982b8fdc397cd195b53bc503",
    "https://deno.land/std@0.60.0/io/bufio.ts": "dd1fc575524fe8b44e128091ba0e6833be7d0966336ef12a407544440b762e17",
    "https://deno.land/std@0.60.0/textproto/mod.ts": "642a218f787a0d93fbc122af748d57a88aaca079a9e4d8461b713e2e29165277",
    "https://deno.land/x/axiod@0.26.2/helpers.ts": "467f2ca75608f368c8092e800eab0d6d79b3fa42346372be62a5b93acf50fe7e",
    "https://deno.land/x/axiod@0.26.2/interfaces.ts": "1b5a7b70b1e7faecd2f251ad080bd87188fba585e2de667af472c4d72abf636e",
    "https://deno.land/x/axiod@0.26.2/mod.ts": "1175ec90a040d764b9940753f8d8e3f37a2328a0536eed48e411a8f1a3e9e5cb",
    "https://deno.land/x/axiod@0.26.2/mods/url-join.ts": "c925b2dd0bd490093d084bd4c74a9502260e014d5e760a4951b3e7c8ab3ca43f",
    "https://deno.land/x/dotenv@v3.1.0/load.ts": "cbd76a0aee01aad8d09222afaa1dd04b84d9d3e44637503b01bf77a91df9e041",
    "https://deno.land/x/dotenv@v3.1.0/mod.ts": "4167efa14c671b674ebc59e4857282e4bc2c4472e41b6e3b34a1c317011e4504",
    "https://deno.land/x/dotenv@v3.1.0/util.ts": "693730877b13f8ead2b79b2aa31e2a0652862f7dc0c5f6d2f313f4d39c7b7670",
    "https://deno.land/x/dotenv@v3.2.2/load.ts": "cbd76a0aee01aad8d09222afaa1dd04b84d9d3e44637503b01bf77a91df9e041",
    "https://deno.land/x/dotenv@v3.2.2/mod.ts": "077b48773de9205266a0b44c3c3a3c3083449ed64bb0b6cc461b95720678d38e",
    "https://deno.land/x/dotenv@v3.2.2/util.ts": "693730877b13f8ead2b79b2aa31e2a0652862f7dc0c5f6d2f313f4d39c7b7670",
    "https://deno.land/x/grammy@v1.36.3/bot.ts": "b0e3159726c9873787ab7a06c2bcf5b8bb90da3493486b31a50cf260534bfa9e",
    "https://deno.land/x/grammy@v1.36.3/composer.ts": "4fcfc5c5b68107c0e0f24a9b00a5f3cf8d4ed0adee964be17005d96782e09562",
    "https://deno.land/x/grammy@v1.36.3/context.ts": "7e096053edbdf289b62b718d657c4d54b063d0eb8e7b25ecc9c84a96de502068",
    "https://deno.land/x/grammy@v1.36.3/convenience/constants.ts": "1560129784be52f49aa0bea8716f09ed00dac367fef195be6a2c09bdfc43fb99",
    "https://deno.land/x/grammy@v1.36.3/convenience/frameworks.ts": "e78afd522b62202053c09dc119ff282d356d85845a05af6d678a4ffa7ca3037d",
    "https://deno.land/x/grammy@v1.36.3/convenience/inline_query.ts": "409d1940c7670708064efa495003bcbfdf6763a756b2e6303c464489fd3394ff",
    "https://deno.land/x/grammy@v1.36.3/convenience/input_media.ts": "7af72a5fdb1af0417e31b1327003f536ddfdf64e06ab8bc7f5da6b574de38658",
    "https://deno.land/x/grammy@v1.36.3/convenience/keyboard.ts": "dc5d3f53d0f6a15600ced9b40c85debe55a5d381436826b4cdede18c84bd6bae",
    "https://deno.land/x/grammy@v1.36.3/convenience/session.ts": "5e4b976528a0b3d7893645ac23e2e35e78671af578a3aed5efb4b621e7e9b6da",
    "https://deno.land/x/grammy@v1.36.3/convenience/webhook.ts": "722f6da8de7578ecfcd263ca07ec3b81f09e7f243fdf2a887ac0e6cab509e116",
    "https://deno.land/x/grammy@v1.36.3/core/api.ts": "7c4e031a31dc40fd66fccd0bd6d89673f6ccab51caf5b0f57e9eafc72bdb129a",
    "https://deno.land/x/grammy@v1.36.3/core/client.ts": "44a9f9fd6dc7eb8ab3c57dab3f550ef5ec53142c5df16ab5501da8e3ea62dcff",
    "https://deno.land/x/grammy@v1.36.3/core/error.ts": "5245f18f273da6be364f525090c24d2e9a282c180904f674f66946f2b2556247",
    "https://deno.land/x/grammy@v1.36.3/core/payload.ts": "420e17c3c2830b5576ea187cfce77578fe09f1204b25c25ea2f220ca7c86e73b",
    "https://deno.land/x/grammy@v1.36.3/filter.ts": "a7e73097a2e569091a1eff0ea72fab71791bf21a2476290f114bd28668263f3e",
    "https://deno.land/x/grammy@v1.36.3/mod.ts": "a973e356760eed1b58bc89280e6eb41bbdf74035f6348c08d6cebf50da1dac34",
    "https://deno.land/x/grammy@v1.36.3/platform.deno.ts": "68272a7e1d9a2d74d8a45342526485dbc0531dee812f675d7f8a4e7fc8393028",
    "https://deno.land/x/grammy@v1.36.3/types.deno.ts": "bbb8cea790ea93e5338c3575d277200f8506ac28d5d06d541c4b1cd8306f9e29",
    "https://deno.land/x/grammy@v1.36.3/types.ts": "729415590dfa188dbe924dea614dff4e976babdbabb28a307b869fc25777cdf0",
    "https://deno.land/x/grammy_types@v3.20.0/api.ts": "ae04d6628e3d25ae805bc07a19475065044fc44cde0a40877405bc3544d03a5f",
    "https://deno.land/x/grammy_types@v3.20.0/inline.ts": "9afd0340eafd22acb163f2f680d58b85719f0edc92dffa4d259fc5232e543d23",
    "https://deno.land/x/grammy_types@v3.20.0/langs.ts": "5f5fd09c58ba3ae942dd7cea2696f95587d2032c1829bba4bca81762b7ef73b6",
    "https://deno.land/x/grammy_types@v3.20.0/manage.ts": "c02480bbba003bc66dbc30bd0d1edf837b09ad9ee459ef82afd8d3492caac0da",
    "https://deno.land/x/grammy_types@v3.20.0/markup.ts": "b989e0712f9731c59e6cb308371b1722d823dd55de3d6bcaf3e4ed645a42e1f9",
    "https://deno.land/x/grammy_types@v3.20.0/message.ts": "243968db23afa31e0a390d46b58489ca182fac10e81aa05c859f6a4b3a66fe13",
    "https://deno.land/x/grammy_types@v3.20.0/methods.ts": "2d9e398a9ef09dff6633caaa23b5a89375340f083e046f7f3be7ce6179cca38b",
    "https://deno.land/x/grammy_types@v3.20.0/mod.ts": "2a22dc7cd29c2739647c22cec00d5d4e2f49ba1c61bcaf70b4206a14bce29799",
    "https://deno.land/x/grammy_types@v3.20.0/passport.ts": "19820e7d6c279521f8bc8912d6a378239f73d4ab525453808994b5f44ef95215",
    "https://deno.land/x/grammy_types@v3.20.0/payment.ts": "8f016ffe46221c80d9d1a1b30848d8ccc10548f0ec281c9d3312b598cb0c2a4d",
    "https://deno.land/x/grammy_types@v3.20.0/settings.ts": "f8ff810da6f1007ed24cd504809bf46820229c395ff9bfc3e5c8ceaef5b2aae1",
    "https://deno.land/x/grammy_types@v3.20.0/story.ts": "f558c6e6054a43fa1403c2376f7c0b51e2138f4e0d13f0f6e870ffd1cd085ae2",
    "https://deno.land/x/grammy_types@v3.20.0/update.ts": "71cc0d5ec860149b71415ba03282b1d7edd0466b36e2789521a3b3a3d7796493",
    "https://deno.land/x/telegram@v0.1.1/_util/logger.ts": "fcf149c5df332a5f4ed430fe8f4e4a0f6dfc4f388ddf7c529e76075dc5392dcc",
    "https://deno.land/x/telegram@v0.1.1/_util/mod.ts": "c8cce5f4ef08024553353afc112fd596c45096b5f9c38402fe68e9030615e7c4",
    "https://deno.land/x/telegram@v0.1.1/bot.js": "8887bde6ff59e53238fa881df247775b985785ffd07aeb459f20a3e6fa46ca86",
    "https://deno.land/x/telegram@v0.1.1/bot.ts": "8887bde6ff59e53238fa881df247775b985785ffd07aeb459f20a3e6fa46ca86",
    "https://deno.land/x/telegram@v0.1.1/client.ts": "e2d129d3469113cee26472ddefb8596998672baadfe6787b01727a935ae741a7",
    "https://deno.land/x/telegram@v0.1.1/composer.ts": "3daec39291af3ff67eaeda48d9f8e88f89e88c846857f99fb58b1d2b491b44a4",
    "https://deno.land/x/telegram@v0.1.1/context.ts": "eae264a4a8e74178aa70c46e27d233c504f71abc6131ab848bcf22703d9438c8",
    "https://deno.land/x/telegram@v0.1.1/deps.ts": "20b341859da5a3a7665ba4e3d572e5cd214f1a49a19da1673285b15e7eff666d",
    "https://deno.land/x/telegram@v0.1.1/error.ts": "2a5b504df53194a43a1d1ab796e49d1829bb3fdee3282909ca81c4cf93c36978",
    "https://deno.land/x/telegram@v0.1.1/mod.ts": "36fa31edb31e9a1fcbe131244859068a131f503ea2f25d1f905bccb6cb70dd98",
    "https://deno.land/x/telegram@v0.1.1/telegram.ts": "9741e4d60d5a17ae5feafe0dbc55cdd6d7efc3c30bdbf7c22a226a0e069a3680",
    "https://deno.land/x/telegram@v0.1.1/types.ts": "8a046c3cfed4f56008e9901b04d03a1d727e2a135886df4358f8b7e5fd4d7204",
    "https://deno.land/x/telegram@v0.1.1/webhook_server.ts": "9af6052bf8d7a9e5a3220b7ac9cdfc39c5ec44a323c22d7e33117893d7ba4733",
    "https://deno.land/x/telegram_bot@0.1.5/mod.ts": "75e72e420e681ebde643709bfdd1294903969d24947c7d6d2c0c192b43daa185",
    "https://deno.land/x/url_join@1.0.0/mod.ts": "d3c7007e3ab15594e54d5b90dce623b3e274a726e0cdf57858e7ecab77a0166c"
  },
  "workspace": {
    "dependencies": [
      "npm:@huggingface/inference@*"
    ],
    "packageJson": {
      "dependencies": [
        "npm:@huggingface/inference@4",
        "npm:axios@^1.6.2",
        "npm:dotenv@^16.5.0",
        "npm:node-fetch@^3.3.2",
        "npm:node-schedule@^2.1.1",
        "npm:node-telegram-bot-api@0.66",
        "npm:unsplash-js@^7.0.19"
      ]
    }
  }
}
